
Microsoft Visual Studio Solution File, Format Version 12.00
# Visual Studio 15
VisualStudioVersion = 15.0.27428.2037
MinimumVisualStudioVersion = 10.0.40219.1
Project("{FAE04EC0-301F-11D3-BF4B-00C04F79EFBC}") = "SS2_Homework_Delegate1", "SS2_Homework_Delegate1\SS2_Homework_Delegate1.csproj", "{DA6443DA-D596-4425-8AB0-3FE3E3C751BC}"
EndProject
Global
	GlobalSection(SolutionConfigurationPlatforms) = preSolution
		Debug|Any CPU = Debug|Any CPU
		Release|Any CPU = Release|Any CPU
	EndGlobalSection
	GlobalSection(ProjectConfigurationPlatforms) = postSolution
		{DA6443DA-D596-4425-8AB0-3FE3E3C751BC}.Debug|Any CPU.ActiveCfg = Debug|Any CPU
		{DA6443DA-D596-4425-8AB0-3FE3E3C751BC}.Debug|Any CPU.Build.0 = Debug|Any CPU
		{DA6443DA-D596-4425-8AB0-3FE3E3C751BC}.Release|Any CPU.ActiveCfg = Release|Any CPU
		{DA6443DA-D596-4425-8AB0-3FE3E3C751BC}.Release|Any CPU.Build.0 = Release|Any CPU
	EndGlobalSection
	GlobalSection(SolutionProperties) = preSolution
		HideSolutionNode = FALSE
	EndGlobalSection
	GlobalSection(ExtensibilityGlobals) = postSolution
		SolutionGuid = {D0A17CF6-5A34-4A12-98BB-7216D06411CB}
	EndGlobalSection
EndGlobal
